
Microsoft Visual Studio Solution File, Format Version 12.00
# Visual Studio 14
VisualStudioVersion = 14.0.25420.1
MinimumVisualStudioVersion = 10.0.40219.1
Project("{FAE04EC0-301F-11D3-BF4B-00C04F79EFBC}") = "Elision.Foundation.Kernel", "Elision.Foundation.Kernel\Elision.Foundation.Kernel.csproj", "{C2AD100D-A982-4029-87D9-91EB0AECED81}"
EndProject
Project("{FAE04EC0-301F-11D3-BF4B-00C04F79EFBC}") = "Elision.Foundation.Kernel.Tests", "Elision.Foundation.Kernel.Tests\Elision.Foundation.Kernel.Tests.csproj", "{5077E4FA-346F-4D64-BCF8-6A4C562F1CDD}"
EndProject
Project("{CAA73BB0-EF22-4D79-A57E-DF67B3BA9C80}") = "Elision.Foundation.Fixtures", "Elision.Foundation.Fixtures\Elision.Foundation.Fixtures.scproj", "{FD027CAA-4B4D-4EF7-8BD8-30BFAEC11459}"
EndProject
Project("{FAE04EC0-301F-11D3-BF4B-00C04F79EFBC}") = "Elision.Foundation.Mvc", "Elision.Foundation.Mvc\Elision.Foundation.Mvc.csproj", "{A74B7B03-5736-4767-906C-4AE78D284334}"
EndProject
Project("{2150E333-8FDC-42A3-9474-1A3956D46DE8}") = "Ioc", "Ioc", "{1C0CEE79-50C3-4B74-AC0F-87D62063E88C}"
EndProject
Project("{FAE04EC0-301F-11D3-BF4B-00C04F79EFBC}") = "Elision.Foundation.Ioc", "Elision.Foundation.Ioc\Elision.Foundation.Ioc.csproj", "{851B7DA0-E315-48AC-A6E8-156E038ED7A8}"
EndProject
Project("{2150E333-8FDC-42A3-9474-1A3956D46DE8}") = "Mvc", "Mvc", "{95B73F53-3BE8-4A63-93C8-F372C04851E6}"
EndProject
Project("{FAE04EC0-301F-11D3-BF4B-00C04F79EFBC}") = "Elision.Foundation.Mvc.Tests", "Elision.Foundation.Mvc.Tests\Elision.Foundation.Mvc.Tests.csproj", "{110D33B1-0419-4FEE-8A16-A9BAEC7A6048}"
EndProject
Project("{2150E333-8FDC-42A3-9474-1A3956D46DE8}") = "ContentEntry", "ContentEntry", "{736EC4B5-3AF9-4FD2-88DA-CB8179920175}"
EndProject
Project("{FAE04EC0-301F-11D3-BF4B-00C04F79EFBC}") = "Elision.Foundation.UpdateReferences", "Elision.Foundation.UpdateReferences\Elision.Foundation.UpdateReferences.csproj", "{A8626A79-E6AA-4625-A8E1-1A0569604A7B}"
EndProject
Project("{FAE04EC0-301F-11D3-BF4B-00C04F79EFBC}") = "Elision.Foundation.UpdateReferences.Tests", "Elision.Foundation.UpdateReferences.Tests\Elision.Foundation.UpdateReferences.Tests.csproj", "{B7D4A888-AAEE-4C72-9506-8969137A496A}"
EndProject
Project("{FAE04EC0-301F-11D3-BF4B-00C04F79EFBC}") = "Elision.Foundation.FieldTokens", "Elision.Foundation.FieldTokens\Elision.Foundation.FieldTokens.csproj", "{95A7196C-70D7-47FE-A2A6-D803BC7B49BD}"
EndProject
Project("{FAE04EC0-301F-11D3-BF4B-00C04F79EFBC}") = "Elision.Foundation.FieldTokens.Tests", "Elision.Foundation.FieldTokens.Tests\Elision.Foundation.FieldTokens.Tests.csproj", "{92DA0DBC-9226-4336-8B5D-E0D8DB6B516E}"
EndProject
Project("{2150E333-8FDC-42A3-9474-1A3956D46DE8}") = "ContentRendering", "ContentRendering", "{918887CB-9795-4238-A95D-878AE41CD6E1}"
EndProject
Project("{FAE04EC0-301F-11D3-BF4B-00C04F79EFBC}") = "Elision.Foundation.FieldVisibility", "Elision.Foundation.FieldVisibility\Elision.Foundation.FieldVisibility.csproj", "{460CAF21-9886-4109-A5A5-1D8D4228B1D9}"
EndProject
Project("{FAE04EC0-301F-11D3-BF4B-00C04F79EFBC}") = "Elision.Foundation.LookupSourceItems", "Elision.Foundation.LookupSourceItems\Elision.Foundation.LookupSourceItems.csproj", "{3D3A28BB-E9EB-4FEB-B4F9-219D88CCEDE7}"
EndProject
Project("{2150E333-8FDC-42A3-9474-1A3956D46DE8}") = "Rules", "Rules", "{113FE759-C363-4B9C-B4B2-EE7A47AC0FB8}"
EndProject
Project("{FAE04EC0-301F-11D3-BF4B-00C04F79EFBC}") = "Elision.Foundation.Rules", "Elision.Foundation.Rules\Elision.Foundation.Rules.csproj", "{104F9AEF-A043-46C9-A4EE-05B3691390D2}"
EndProject
Project("{FAE04EC0-301F-11D3-BF4B-00C04F79EFBC}") = "Elision.Foundation.LookupSourceItems.Tests", "Elision.Foundation.LookupSourceItems.Tests\Elision.Foundation.LookupSourceItems.Tests.csproj", "{553A8A67-A4D4-4923-B582-91B6189C0646}"
EndProject
Project("{FAE04EC0-301F-11D3-BF4B-00C04F79EFBC}") = "Elision.Foundation.Rules.Tests", "Elision.Foundation.Rules.Tests\Elision.Foundation.Rules.Tests.csproj", "{2BF71F40-E652-4784-9A27-8F2A64ECC9D3}"
EndProject
Project("{FAE04EC0-301F-11D3-BF4B-00C04F79EFBC}") = "Elision.Foundation.TabbedRenderingSelector", "Elision.Foundation.TabbedRenderingSelector\Elision.Foundation.TabbedRenderingSelector.csproj", "{D0F6210B-FF18-45C1-966A-D74C43A414D7}"
EndProject
Project("{FAE04EC0-301F-11D3-BF4B-00C04F79EFBC}") = "Elision.Foundation.WebEditState", "Elision.Foundation.WebEditState\Elision.Foundation.WebEditState.csproj", "{8A11EEF3-1F17-4226-A685-5D1A3998C792}"
EndProject
Project("{FAE04EC0-301F-11D3-BF4B-00C04F79EFBC}") = "Elision.Foundation.DynamicPlaceholders", "Elision.Foundation.DynamicPlaceholders\Elision.Foundation.DynamicPlaceholders.csproj", "{D1767079-793D-4D3E-AB8A-BBE51EF9C22E}"
EndProject
Project("{FAE04EC0-301F-11D3-BF4B-00C04F79EFBC}") = "Elision.Foundation.CompatibleRenderings", "Elision.Foundation.CompatibleRenderings\Elision.Foundation.CompatibleRenderings.csproj", "{B26C2F5A-69F5-4167-97E7-0E02C4178E5A}"
EndProject
Project("{FAE04EC0-301F-11D3-BF4B-00C04F79EFBC}") = "Elision.Foundation.Publishing", "Elision.Foundation.Publishing\Elision.Foundation.Publishing.csproj", "{CA14C57F-F221-4C36-A355-CB642179A570}"
EndProject
Project("{FAE04EC0-301F-11D3-BF4B-00C04F79EFBC}") = "Elision.Foundation.PlaceholderSettings", "Elision.Foundation.PlaceholderSettings\Elision.Foundation.PlaceholderSettings.csproj", "{D2E69327-5F3A-4219-95B7-7BCC61D3C00B}"
EndProject
Project("{FAE04EC0-301F-11D3-BF4B-00C04F79EFBC}") = "Elision.Foundation", "Elision.Foundation\Elision.Foundation.csproj", "{92F04E4F-92C3-4E91-B619-405ED4800920}"
EndProject
Project("{2150E333-8FDC-42A3-9474-1A3956D46DE8}") = "Kernel", "Kernel", "{5585F70D-E3FB-4D34-BE6D-76CAEC147F38}"
EndProject
Project("{FAE04EC0-301F-11D3-BF4B-00C04F79EFBC}") = "Elision.Foundation.FieldEditor", "Elision.Foundation.FieldEditor\Elision.Foundation.FieldEditor.csproj", "{3FB8E9F9-5D4B-45E2-A5DB-6CEF0988DB44}"
EndProject
Project("{2150E333-8FDC-42A3-9474-1A3956D46DE8}") = "Themes", "Themes", "{9B701BF3-480E-4A32-9D7A-A19D0537C542}"
EndProject
Project("{FAE04EC0-301F-11D3-BF4B-00C04F79EFBC}") = "Elision.Foundation.Themes", "Elision.Foundation.Themes\Elision.Foundation.Themes.csproj", "{0B5FDD45-E009-4EE7-8496-3C5E1F4A90AD}"
EndProject
Project("{CAA73BB0-EF22-4D79-A57E-DF67B3BA9C80}") = "Elision.Foundation.Core", "Elision.Foundation.Core\Elision.Foundation.Core.scproj", "{C5E7387B-9C49-4E6D-9DDC-0BBE5FCDF5F4}"
EndProject
Project("{FAE04EC0-301F-11D3-BF4B-00C04F79EFBC}") = "Elision.Foundation.LayoutRenderings", "Elision.Foundation.LayoutRenderings\Elision.Foundation.LayoutRenderings.csproj", "{0F97D507-CECD-48C4-8141-FE5CA2552330}"
EndProject
Project("{FAE04EC0-301F-11D3-BF4B-00C04F79EFBC}") = "Elision.Foundation.SiteResources", "Elision.Foundation.SiteResources\Elision.Foundation.SiteResources.csproj", "{D98DD28B-0FFA-4290-B125-56C654CC0328}"
EndProject
Project("{2150E333-8FDC-42A3-9474-1A3956D46DE8}") = "Deployment", "Deployment", "{D202D125-A3CE-4732-8E64-C3C56E5D61C4}"
EndProject
Global
	GlobalSection(SolutionConfigurationPlatforms) = preSolution
		Debug|Any CPU = Debug|Any CPU
		Release|Any CPU = Release|Any CPU
	EndGlobalSection
	GlobalSection(ProjectConfigurationPlatforms) = postSolution
		{C2AD100D-A982-4029-87D9-91EB0AECED81}.Debug|Any CPU.ActiveCfg = Debug|Any CPU
		{C2AD100D-A982-4029-87D9-91EB0AECED81}.Debug|Any CPU.Build.0 = Debug|Any CPU
		{C2AD100D-A982-4029-87D9-91EB0AECED81}.Release|Any CPU.ActiveCfg = Release|Any CPU
		{C2AD100D-A982-4029-87D9-91EB0AECED81}.Release|Any CPU.Build.0 = Release|Any CPU
		{5077E4FA-346F-4D64-BCF8-6A4C562F1CDD}.Debug|Any CPU.ActiveCfg = Debug|Any CPU
		{5077E4FA-346F-4D64-BCF8-6A4C562F1CDD}.Debug|Any CPU.Build.0 = Debug|Any CPU
		{5077E4FA-346F-4D64-BCF8-6A4C562F1CDD}.Release|Any CPU.ActiveCfg = Release|Any CPU
		{5077E4FA-346F-4D64-BCF8-6A4C562F1CDD}.Release|Any CPU.Build.0 = Release|Any CPU
		{FD027CAA-4B4D-4EF7-8BD8-30BFAEC11459}.Debug|Any CPU.ActiveCfg = Debug|Any CPU
		{FD027CAA-4B4D-4EF7-8BD8-30BFAEC11459}.Release|Any CPU.ActiveCfg = Release|Any CPU
		{FD027CAA-4B4D-4EF7-8BD8-30BFAEC11459}.Release|Any CPU.Build.0 = Release|Any CPU
		{A74B7B03-5736-4767-906C-4AE78D284334}.Debug|Any CPU.ActiveCfg = Debug|Any CPU
		{A74B7B03-5736-4767-906C-4AE78D284334}.Debug|Any CPU.Build.0 = Debug|Any CPU
		{A74B7B03-5736-4767-906C-4AE78D284334}.Release|Any CPU.ActiveCfg = Release|Any CPU
		{A74B7B03-5736-4767-906C-4AE78D284334}.Release|Any CPU.Build.0 = Release|Any CPU
		{851B7DA0-E315-48AC-A6E8-156E038ED7A8}.Debug|Any CPU.ActiveCfg = Debug|Any CPU
		{851B7DA0-E315-48AC-A6E8-156E038ED7A8}.Debug|Any CPU.Build.0 = Debug|Any CPU
		{851B7DA0-E315-48AC-A6E8-156E038ED7A8}.Release|Any CPU.ActiveCfg = Release|Any CPU
		{851B7DA0-E315-48AC-A6E8-156E038ED7A8}.Release|Any CPU.Build.0 = Release|Any CPU
		{110D33B1-0419-4FEE-8A16-A9BAEC7A6048}.Debug|Any CPU.ActiveCfg = Debug|Any CPU
		{110D33B1-0419-4FEE-8A16-A9BAEC7A6048}.Debug|Any CPU.Build.0 = Debug|Any CPU
		{110D33B1-0419-4FEE-8A16-A9BAEC7A6048}.Release|Any CPU.ActiveCfg = Release|Any CPU
		{110D33B1-0419-4FEE-8A16-A9BAEC7A6048}.Release|Any CPU.Build.0 = Release|Any CPU
		{A8626A79-E6AA-4625-A8E1-1A0569604A7B}.Debug|Any CPU.ActiveCfg = Debug|Any CPU
		{A8626A79-E6AA-4625-A8E1-1A0569604A7B}.Debug|Any CPU.Build.0 = Debug|Any CPU
		{A8626A79-E6AA-4625-A8E1-1A0569604A7B}.Release|Any CPU.ActiveCfg = Release|Any CPU
		{A8626A79-E6AA-4625-A8E1-1A0569604A7B}.Release|Any CPU.Build.0 = Release|Any CPU
		{B7D4A888-AAEE-4C72-9506-8969137A496A}.Debug|Any CPU.ActiveCfg = Debug|Any CPU
		{B7D4A888-AAEE-4C72-9506-8969137A496A}.Debug|Any CPU.Build.0 = Debug|Any CPU
		{B7D4A888-AAEE-4C72-9506-8969137A496A}.Release|Any CPU.ActiveCfg = Release|Any CPU
		{B7D4A888-AAEE-4C72-9506-8969137A496A}.Release|Any CPU.Build.0 = Release|Any CPU
		{95A7196C-70D7-47FE-A2A6-D803BC7B49BD}.Debug|Any CPU.ActiveCfg = Debug|Any CPU
		{95A7196C-70D7-47FE-A2A6-D803BC7B49BD}.Debug|Any CPU.Build.0 = Debug|Any CPU
		{95A7196C-70D7-47FE-A2A6-D803BC7B49BD}.Release|Any CPU.ActiveCfg = Release|Any CPU
		{95A7196C-70D7-47FE-A2A6-D803BC7B49BD}.Release|Any CPU.Build.0 = Release|Any CPU
		{92DA0DBC-9226-4336-8B5D-E0D8DB6B516E}.Debug|Any CPU.ActiveCfg = Debug|Any CPU
		{92DA0DBC-9226-4336-8B5D-E0D8DB6B516E}.Debug|Any CPU.Build.0 = Debug|Any CPU
		{92DA0DBC-9226-4336-8B5D-E0D8DB6B516E}.Release|Any CPU.ActiveCfg = Release|Any CPU
		{92DA0DBC-9226-4336-8B5D-E0D8DB6B516E}.Release|Any CPU.Build.0 = Release|Any CPU
		{460CAF21-9886-4109-A5A5-1D8D4228B1D9}.Debug|Any CPU.ActiveCfg = Debug|Any CPU
		{460CAF21-9886-4109-A5A5-1D8D4228B1D9}.Debug|Any CPU.Build.0 = Debug|Any CPU
		{460CAF21-9886-4109-A5A5-1D8D4228B1D9}.Release|Any CPU.ActiveCfg = Release|Any CPU
		{460CAF21-9886-4109-A5A5-1D8D4228B1D9}.Release|Any CPU.Build.0 = Release|Any CPU
		{3D3A28BB-E9EB-4FEB-B4F9-219D88CCEDE7}.Debug|Any CPU.ActiveCfg = Debug|Any CPU
		{3D3A28BB-E9EB-4FEB-B4F9-219D88CCEDE7}.Debug|Any CPU.Build.0 = Debug|Any CPU
		{3D3A28BB-E9EB-4FEB-B4F9-219D88CCEDE7}.Release|Any CPU.ActiveCfg = Release|Any CPU
		{3D3A28BB-E9EB-4FEB-B4F9-219D88CCEDE7}.Release|Any CPU.Build.0 = Release|Any CPU
		{104F9AEF-A043-46C9-A4EE-05B3691390D2}.Debug|Any CPU.ActiveCfg = Debug|Any CPU
		{104F9AEF-A043-46C9-A4EE-05B3691390D2}.Debug|Any CPU.Build.0 = Debug|Any CPU
		{104F9AEF-A043-46C9-A4EE-05B3691390D2}.Release|Any CPU.ActiveCfg = Release|Any CPU
		{104F9AEF-A043-46C9-A4EE-05B3691390D2}.Release|Any CPU.Build.0 = Release|Any CPU
		{553A8A67-A4D4-4923-B582-91B6189C0646}.Debug|Any CPU.ActiveCfg = Debug|Any CPU
		{553A8A67-A4D4-4923-B582-91B6189C0646}.Debug|Any CPU.Build.0 = Debug|Any CPU
		{553A8A67-A4D4-4923-B582-91B6189C0646}.Release|Any CPU.ActiveCfg = Release|Any CPU
		{553A8A67-A4D4-4923-B582-91B6189C0646}.Release|Any CPU.Build.0 = Release|Any CPU
		{2BF71F40-E652-4784-9A27-8F2A64ECC9D3}.Debug|Any CPU.ActiveCfg = Debug|Any CPU
		{2BF71F40-E652-4784-9A27-8F2A64ECC9D3}.Debug|Any CPU.Build.0 = Debug|Any CPU
		{2BF71F40-E652-4784-9A27-8F2A64ECC9D3}.Release|Any CPU.ActiveCfg = Release|Any CPU
		{2BF71F40-E652-4784-9A27-8F2A64ECC9D3}.Release|Any CPU.Build.0 = Release|Any CPU
		{D0F6210B-FF18-45C1-966A-D74C43A414D7}.Debug|Any CPU.ActiveCfg = Debug|Any CPU
		{D0F6210B-FF18-45C1-966A-D74C43A414D7}.Debug|Any CPU.Build.0 = Debug|Any CPU
		{D0F6210B-FF18-45C1-966A-D74C43A414D7}.Release|Any CPU.ActiveCfg = Release|Any CPU
		{D0F6210B-FF18-45C1-966A-D74C43A414D7}.Release|Any CPU.Build.0 = Release|Any CPU
		{8A11EEF3-1F17-4226-A685-5D1A3998C792}.Debug|Any CPU.ActiveCfg = Debug|Any CPU
		{8A11EEF3-1F17-4226-A685-5D1A3998C792}.Debug|Any CPU.Build.0 = Debug|Any CPU
		{8A11EEF3-1F17-4226-A685-5D1A3998C792}.Release|Any CPU.ActiveCfg = Release|Any CPU
		{8A11EEF3-1F17-4226-A685-5D1A3998C792}.Release|Any CPU.Build.0 = Release|Any CPU
		{D1767079-793D-4D3E-AB8A-BBE51EF9C22E}.Debug|Any CPU.ActiveCfg = Debug|Any CPU
		{D1767079-793D-4D3E-AB8A-BBE51EF9C22E}.Debug|Any CPU.Build.0 = Debug|Any CPU
		{D1767079-793D-4D3E-AB8A-BBE51EF9C22E}.Release|Any CPU.ActiveCfg = Release|Any CPU
		{D1767079-793D-4D3E-AB8A-BBE51EF9C22E}.Release|Any CPU.Build.0 = Release|Any CPU
		{B26C2F5A-69F5-4167-97E7-0E02C4178E5A}.Debug|Any CPU.ActiveCfg = Debug|Any CPU
		{B26C2F5A-69F5-4167-97E7-0E02C4178E5A}.Debug|Any CPU.Build.0 = Debug|Any CPU
		{B26C2F5A-69F5-4167-97E7-0E02C4178E5A}.Release|Any CPU.ActiveCfg = Release|Any CPU
		{B26C2F5A-69F5-4167-97E7-0E02C4178E5A}.Release|Any CPU.Build.0 = Release|Any CPU
		{CA14C57F-F221-4C36-A355-CB642179A570}.Debug|Any CPU.ActiveCfg = Debug|Any CPU
		{CA14C57F-F221-4C36-A355-CB642179A570}.Debug|Any CPU.Build.0 = Debug|Any CPU
		{CA14C57F-F221-4C36-A355-CB642179A570}.Release|Any CPU.ActiveCfg = Release|Any CPU
		{CA14C57F-F221-4C36-A355-CB642179A570}.Release|Any CPU.Build.0 = Release|Any CPU
		{D2E69327-5F3A-4219-95B7-7BCC61D3C00B}.Debug|Any CPU.ActiveCfg = Debug|Any CPU
		{D2E69327-5F3A-4219-95B7-7BCC61D3C00B}.Debug|Any CPU.Build.0 = Debug|Any CPU
		{D2E69327-5F3A-4219-95B7-7BCC61D3C00B}.Release|Any CPU.ActiveCfg = Release|Any CPU
		{D2E69327-5F3A-4219-95B7-7BCC61D3C00B}.Release|Any CPU.Build.0 = Release|Any CPU
		{92F04E4F-92C3-4E91-B619-405ED4800920}.Debug|Any CPU.ActiveCfg = Debug|Any CPU
		{92F04E4F-92C3-4E91-B619-405ED4800920}.Debug|Any CPU.Build.0 = Debug|Any CPU
		{92F04E4F-92C3-4E91-B619-405ED4800920}.Release|Any CPU.ActiveCfg = Release|Any CPU
		{92F04E4F-92C3-4E91-B619-405ED4800920}.Release|Any CPU.Build.0 = Release|Any CPU
		{3FB8E9F9-5D4B-45E2-A5DB-6CEF0988DB44}.Debug|Any CPU.ActiveCfg = Debug|Any CPU
		{3FB8E9F9-5D4B-45E2-A5DB-6CEF0988DB44}.Debug|Any CPU.Build.0 = Debug|Any CPU
		{3FB8E9F9-5D4B-45E2-A5DB-6CEF0988DB44}.Release|Any CPU.ActiveCfg = Release|Any CPU
		{3FB8E9F9-5D4B-45E2-A5DB-6CEF0988DB44}.Release|Any CPU.Build.0 = Release|Any CPU
		{0B5FDD45-E009-4EE7-8496-3C5E1F4A90AD}.Debug|Any CPU.ActiveCfg = Debug|Any CPU
		{0B5FDD45-E009-4EE7-8496-3C5E1F4A90AD}.Debug|Any CPU.Build.0 = Debug|Any CPU
		{0B5FDD45-E009-4EE7-8496-3C5E1F4A90AD}.Release|Any CPU.ActiveCfg = Release|Any CPU
		{0B5FDD45-E009-4EE7-8496-3C5E1F4A90AD}.Release|Any CPU.Build.0 = Release|Any CPU
		{C5E7387B-9C49-4E6D-9DDC-0BBE5FCDF5F4}.Debug|Any CPU.ActiveCfg = Debug|Any CPU
		{C5E7387B-9C49-4E6D-9DDC-0BBE5FCDF5F4}.Debug|Any CPU.Build.0 = Debug|Any CPU
		{C5E7387B-9C49-4E6D-9DDC-0BBE5FCDF5F4}.Release|Any CPU.ActiveCfg = Release|Any CPU
		{C5E7387B-9C49-4E6D-9DDC-0BBE5FCDF5F4}.Release|Any CPU.Build.0 = Release|Any CPU
		{0F97D507-CECD-48C4-8141-FE5CA2552330}.Debug|Any CPU.ActiveCfg = Debug|Any CPU
		{0F97D507-CECD-48C4-8141-FE5CA2552330}.Debug|Any CPU.Build.0 = Debug|Any CPU
		{0F97D507-CECD-48C4-8141-FE5CA2552330}.Release|Any CPU.ActiveCfg = Release|Any CPU
		{0F97D507-CECD-48C4-8141-FE5CA2552330}.Release|Any CPU.Build.0 = Release|Any CPU
		{D98DD28B-0FFA-4290-B125-56C654CC0328}.Debug|Any CPU.ActiveCfg = Debug|Any CPU
		{D98DD28B-0FFA-4290-B125-56C654CC0328}.Debug|Any CPU.Build.0 = Debug|Any CPU
		{D98DD28B-0FFA-4290-B125-56C654CC0328}.Release|Any CPU.ActiveCfg = Release|Any CPU
		{D98DD28B-0FFA-4290-B125-56C654CC0328}.Release|Any CPU.Build.0 = Release|Any CPU
	EndGlobalSection
	GlobalSection(SolutionProperties) = preSolution
		HideSolutionNode = FALSE
	EndGlobalSection
	GlobalSection(NestedProjects) = preSolution
		{C2AD100D-A982-4029-87D9-91EB0AECED81} = {5585F70D-E3FB-4D34-BE6D-76CAEC147F38}
		{5077E4FA-346F-4D64-BCF8-6A4C562F1CDD} = {5585F70D-E3FB-4D34-BE6D-76CAEC147F38}
		{FD027CAA-4B4D-4EF7-8BD8-30BFAEC11459} = {D202D125-A3CE-4732-8E64-C3C56E5D61C4}
		{A74B7B03-5736-4767-906C-4AE78D284334} = {95B73F53-3BE8-4A63-93C8-F372C04851E6}
		{851B7DA0-E315-48AC-A6E8-156E038ED7A8} = {1C0CEE79-50C3-4B74-AC0F-87D62063E88C}
		{110D33B1-0419-4FEE-8A16-A9BAEC7A6048} = {95B73F53-3BE8-4A63-93C8-F372C04851E6}
		{A8626A79-E6AA-4625-A8E1-1A0569604A7B} = {736EC4B5-3AF9-4FD2-88DA-CB8179920175}
		{B7D4A888-AAEE-4C72-9506-8969137A496A} = {736EC4B5-3AF9-4FD2-88DA-CB8179920175}
		{95A7196C-70D7-47FE-A2A6-D803BC7B49BD} = {918887CB-9795-4238-A95D-878AE41CD6E1}
		{92DA0DBC-9226-4336-8B5D-E0D8DB6B516E} = {918887CB-9795-4238-A95D-878AE41CD6E1}
		{460CAF21-9886-4109-A5A5-1D8D4228B1D9} = {736EC4B5-3AF9-4FD2-88DA-CB8179920175}
		{3D3A28BB-E9EB-4FEB-B4F9-219D88CCEDE7} = {736EC4B5-3AF9-4FD2-88DA-CB8179920175}
		{104F9AEF-A043-46C9-A4EE-05B3691390D2} = {113FE759-C363-4B9C-B4B2-EE7A47AC0FB8}
		{553A8A67-A4D4-4923-B582-91B6189C0646} = {736EC4B5-3AF9-4FD2-88DA-CB8179920175}
		{2BF71F40-E652-4784-9A27-8F2A64ECC9D3} = {113FE759-C363-4B9C-B4B2-EE7A47AC0FB8}
		{D0F6210B-FF18-45C1-966A-D74C43A414D7} = {736EC4B5-3AF9-4FD2-88DA-CB8179920175}
		{8A11EEF3-1F17-4226-A685-5D1A3998C792} = {736EC4B5-3AF9-4FD2-88DA-CB8179920175}
		{D1767079-793D-4D3E-AB8A-BBE51EF9C22E} = {736EC4B5-3AF9-4FD2-88DA-CB8179920175}
		{B26C2F5A-69F5-4167-97E7-0E02C4178E5A} = {736EC4B5-3AF9-4FD2-88DA-CB8179920175}
		{CA14C57F-F221-4C36-A355-CB642179A570} = {736EC4B5-3AF9-4FD2-88DA-CB8179920175}
		{D2E69327-5F3A-4219-95B7-7BCC61D3C00B} = {736EC4B5-3AF9-4FD2-88DA-CB8179920175}
		{3FB8E9F9-5D4B-45E2-A5DB-6CEF0988DB44} = {736EC4B5-3AF9-4FD2-88DA-CB8179920175}
		{0B5FDD45-E009-4EE7-8496-3C5E1F4A90AD} = {9B701BF3-480E-4A32-9D7A-A19D0537C542}
		{C5E7387B-9C49-4E6D-9DDC-0BBE5FCDF5F4} = {D202D125-A3CE-4732-8E64-C3C56E5D61C4}
		{0F97D507-CECD-48C4-8141-FE5CA2552330} = {736EC4B5-3AF9-4FD2-88DA-CB8179920175}
		{D98DD28B-0FFA-4290-B125-56C654CC0328} = {918887CB-9795-4238-A95D-878AE41CD6E1}
	EndGlobalSection
EndGlobal
